
Microsoft Visual Studio Solution File, Format Version 12.00
# Visual Studio Version 17
VisualStudioVersion = 17.11.35303.130
MinimumVisualStudioVersion = 10.0.40219.1
Project("{FAE04EC0-301F-11D3-BF4B-00C04F79EFBC}") = "MultiplicarMatrizesBidimencionais", "MultiplicacaoMatriz\MultiplicarMatrizesBidimencionais.csproj", "{FA4BD8DF-7298-44E4-96E2-75949C3D767C}"
EndProject
Global
	GlobalSection(SolutionConfigurationPlatforms) = preSolution
		Debug|Any CPU = Debug|Any CPU
		Release|Any CPU = Release|Any CPU
	EndGlobalSection
	GlobalSection(ProjectConfigurationPlatforms) = postSolution
		{FA4BD8DF-7298-44E4-96E2-75949C3D767C}.Debug|Any CPU.ActiveCfg = Debug|Any CPU
		{FA4BD8DF-7298-44E4-96E2-75949C3D767C}.Debug|Any CPU.Build.0 = Debug|Any CPU
		{FA4BD8DF-7298-44E4-96E2-75949C3D767C}.Release|Any CPU.ActiveCfg = Release|Any CPU
		{FA4BD8DF-7298-44E4-96E2-75949C3D767C}.Release|Any CPU.Build.0 = Release|Any CPU
	EndGlobalSection
	GlobalSection(SolutionProperties) = preSolution
		HideSolutionNode = FALSE
	EndGlobalSection
	GlobalSection(ExtensibilityGlobals) = postSolution
		SolutionGuid = {500C4716-E21D-4807-BC37-62F0879F24A9}
	EndGlobalSection
EndGlobal
